// !$*UTF8*$!
{
	archiveVersion = 1;
	classes = {
	};
	objectVersion = 50;
	objects = {

/* Begin PBXBuildFile section */
		3D2A470D7824C98973FE4670 /* Pods_Babylon_iOS_Interview_DemoTests.framework in Frameworks */ = {isa = PBXBuildFile; fileRef = F9774DBF773EB073B71D8A75 /* Pods_Babylon_iOS_Interview_DemoTests.framework */; };
		591B281321F61AC300EACE47 /* UINavigationController+Flow.swift in Sources */ = {isa = PBXBuildFile; fileRef = 591B281221F61AC300EACE47 /* UINavigationController+Flow.swift */; };
		5947444021F1E8DE00BDE970 /* AppDelegate.swift in Sources */ = {isa = PBXBuildFile; fileRef = 5947443F21F1E8DE00BDE970 /* AppDelegate.swift */; };
		5947444721F1E8DF00BDE970 /* Assets.xcassets in Resources */ = {isa = PBXBuildFile; fileRef = 5947444621F1E8DF00BDE970 /* Assets.xcassets */; };
		5947444A21F1E8DF00BDE970 /* LaunchScreen.storyboard in Resources */ = {isa = PBXBuildFile; fileRef = 5947444821F1E8DF00BDE970 /* LaunchScreen.storyboard */; };
		5947445521F1E8DF00BDE970 /* Babylon_iOS_Interview_DemoTests.swift in Sources */ = {isa = PBXBuildFile; fileRef = 5947445421F1E8DF00BDE970 /* Babylon_iOS_Interview_DemoTests.swift */; };
		5951A97021FB352C009D0484 /* FeedRenderDelegate.swift in Sources */ = {isa = PBXBuildFile; fileRef = 5951A96F21FB352C009D0484 /* FeedRenderDelegate.swift */; };
		5951A97221FB3537009D0484 /* FeedChildBuilders.swift in Sources */ = {isa = PBXBuildFile; fileRef = 5951A97121FB3537009D0484 /* FeedChildBuilders.swift */; };
		5951A98021FB5291009D0484 /* FeedViewModel+Renderer.swift in Sources */ = {isa = PBXBuildFile; fileRef = 5951A97F21FB5291009D0484 /* FeedViewModel+Renderer.swift */; };
		5951A98221FB66DA009D0484 /* PlaceholderCell.swift in Sources */ = {isa = PBXBuildFile; fileRef = 5951A98121FB66DA009D0484 /* PlaceholderCell.swift */; };
		5951A98421FB6823009D0484 /* PostCell.swift in Sources */ = {isa = PBXBuildFile; fileRef = 5951A98321FB6823009D0484 /* PostCell.swift */; };
		5951A98721FB6890009D0484 /* PostComponent.swift in Sources */ = {isa = PBXBuildFile; fileRef = 5951A98621FB6890009D0484 /* PostComponent.swift */; };
		5951A98921FB696B009D0484 /* PlaceholderComponent.swift in Sources */ = {isa = PBXBuildFile; fileRef = 5951A98821FB696B009D0484 /* PlaceholderComponent.swift */; };
		5951A99021FB71CB009D0484 /* ReaderViewController.swift in Sources */ = {isa = PBXBuildFile; fileRef = 5951A98F21FB71CB009D0484 /* ReaderViewController.swift */; };
		5951A99321FBD547009D0484 /* Pipe.swift in Sources */ = {isa = PBXBuildFile; fileRef = 5951A99221FBD547009D0484 /* Pipe.swift */; };
		5951A99521FBD58E009D0484 /* Precedence Groups.swift in Sources */ = {isa = PBXBuildFile; fileRef = 5951A99421FBD58E009D0484 /* Precedence Groups.swift */; };
		5951A99721FBD6D9009D0484 /* Diamond.swift in Sources */ = {isa = PBXBuildFile; fileRef = 5951A99621FBD6D9009D0484 /* Diamond.swift */; };
		5951A99921FBD717009D0484 /* Right Arrow.swift in Sources */ = {isa = PBXBuildFile; fileRef = 5951A99821FBD717009D0484 /* Right Arrow.swift */; };
		5951A99C21FBE0F1009D0484 /* AttributedStrings.swift in Sources */ = {isa = PBXBuildFile; fileRef = 5951A99B21FBE0F1009D0484 /* AttributedStrings.swift */; };
		59A5009021F7762700DF68E6 /* RootBuilder.swift in Sources */ = {isa = PBXBuildFile; fileRef = 59A5008F21F7762700DF68E6 /* RootBuilder.swift */; };
		59A5009221F77A7900DF68E6 /* RootViewController.swift in Sources */ = {isa = PBXBuildFile; fileRef = 59A5009121F77A7900DF68E6 /* RootViewController.swift */; };
		59A5009421F77A9700DF68E6 /* RootViewModel.swift in Sources */ = {isa = PBXBuildFile; fileRef = 59A5009321F77A9700DF68E6 /* RootViewModel.swift */; };
		59A5009721F77EC600DF68E6 /* TabRoute.swift in Sources */ = {isa = PBXBuildFile; fileRef = 59A5009621F77EC600DF68E6 /* TabRoute.swift */; };
		59A5009921F7855D00DF68E6 /* FeedViewController.swift in Sources */ = {isa = PBXBuildFile; fileRef = 59A5009821F7855D00DF68E6 /* FeedViewController.swift */; };
		59A5009B21F7858900DF68E6 /* AboutMeViewController.swift in Sources */ = {isa = PBXBuildFile; fileRef = 59A5009A21F7858900DF68E6 /* AboutMeViewController.swift */; };
		59A500A121F7E9EC00DF68E6 /* Buildable.swift in Sources */ = {isa = PBXBuildFile; fileRef = 59A500A021F7E9EC00DF68E6 /* Buildable.swift */; };
		59ADB35821F9F53500C72527 /* Post.swift in Sources */ = {isa = PBXBuildFile; fileRef = 59ADB35721F9F53500C72527 /* Post.swift */; };
		59ADB35A21F9FCFC00C72527 /* Feed.swift in Sources */ = {isa = PBXBuildFile; fileRef = 59ADB35921F9FCFC00C72527 /* Feed.swift */; };
		59ADB35D21FA239200C72527 /* FeedStore.swift in Sources */ = {isa = PBXBuildFile; fileRef = 59ADB35C21FA239200C72527 /* FeedStore.swift */; };
		59ADB36121FA7C6100C72527 /* FeedViewModel+Reduce.swift in Sources */ = {isa = PBXBuildFile; fileRef = 59ADB36021FA7C6100C72527 /* FeedViewModel+Reduce.swift */; };
		59DB652A21FC86CD001C0379 /* NotificationCenter+closePost.swift in Sources */ = {isa = PBXBuildFile; fileRef = 59DB652921FC86CD001C0379 /* NotificationCenter+closePost.swift */; };
		59F1548021F600860062FD19 /* Flow.swift in Sources */ = {isa = PBXBuildFile; fileRef = 59F1547F21F600860062FD19 /* Flow.swift */; };
		59F1548321F600D40062FD19 /* UIViewController+Flow.swift in Sources */ = {isa = PBXBuildFile; fileRef = 59F1548221F600D40062FD19 /* UIViewController+Flow.swift */; };
		59F195BA21F88080009E744A /* TabItem.swift in Sources */ = {isa = PBXBuildFile; fileRef = 59F195B921F88080009E744A /* TabItem.swift */; };
		59F195BC21F88097009E744A /* Tab.swift in Sources */ = {isa = PBXBuildFile; fileRef = 59F195BB21F88097009E744A /* Tab.swift */; };
		59F195BF21F88418009E744A /* RootDelegate.swift in Sources */ = {isa = PBXBuildFile; fileRef = 59F195BE21F88418009E744A /* RootDelegate.swift */; };
		59F195C121F88924009E744A /* AboutMeBuilder.swift in Sources */ = {isa = PBXBuildFile; fileRef = 59F195C021F88924009E744A /* AboutMeBuilder.swift */; };
		59F195C921F88B86009E744A /* UITabBarItem+initWithTabItem.swift in Sources */ = {isa = PBXBuildFile; fileRef = 59F195C821F88B86009E744A /* UITabBarItem+initWithTabItem.swift */; };
		59F195CD21F8C9F7009E744A /* TabPresentable.swift in Sources */ = {isa = PBXBuildFile; fileRef = 59F195CC21F8C9F7009E744A /* TabPresentable.swift */; };
		59F195CF21F8D17F009E744A /* Sequence+keyPathToGetter.swift in Sources */ = {isa = PBXBuildFile; fileRef = 59F195CE21F8D17F009E744A /* Sequence+keyPathToGetter.swift */; };
		59F195D321F8E5F1009E744A /* FeedFlowController.swift in Sources */ = {isa = PBXBuildFile; fileRef = 59F195D221F8E5F1009E744A /* FeedFlowController.swift */; };
		59F195D521F8E60A009E744A /* FeedBuilder.swift in Sources */ = {isa = PBXBuildFile; fileRef = 59F195D421F8E60A009E744A /* FeedBuilder.swift */; };
		59F195D921F8E990009E744A /* FeedViewModel.swift in Sources */ = {isa = PBXBuildFile; fileRef = 59F195D821F8E990009E744A /* FeedViewModel.swift */; };
		59F195DB21F92E62009E744A /* NoError.swift in Sources */ = {isa = PBXBuildFile; fileRef = 59F195DA21F92E62009E744A /* NoError.swift */; };
		59F195DD21F9D7AE009E744A /* FeedViewModel+CoreConcepts.swift in Sources */ = {isa = PBXBuildFile; fileRef = 59F195DC21F9D7AE009E744A /* FeedViewModel+CoreConcepts.swift */; };
		7DA7AC53EBFE1E8DECDBDAC2 /* Pods_Babylon_iOS_Interview_Demo.framework in Frameworks */ = {isa = PBXBuildFile; fileRef = 9A4D35343194C1EC00D3F773 /* Pods_Babylon_iOS_Interview_Demo.framework */; };
/* End PBXBuildFile section */

/* Begin PBXContainerItemProxy section */
		5947445121F1E8DF00BDE970 /* PBXContainerItemProxy */ = {
			isa = PBXContainerItemProxy;
			containerPortal = 5947443421F1E8DE00BDE970 /* Project object */;
			proxyType = 1;
			remoteGlobalIDString = 5947443B21F1E8DE00BDE970;
			remoteInfo = "Babylon iOS Interview Demo";
		};
/* End PBXContainerItemProxy section */

/* Begin PBXFileReference section */
		591B281221F61AC300EACE47 /* UINavigationController+Flow.swift */ = {isa = PBXFileReference; lastKnownFileType = sourcecode.swift; path = "UINavigationController+Flow.swift"; sourceTree = "<group>"; };
		5947443C21F1E8DE00BDE970 /* Babylon iOS Interview Demo.app */ = {isa = PBXFileReference; explicitFileType = wrapper.application; includeInIndex = 0; path = "Babylon iOS Interview Demo.app"; sourceTree = BUILT_PRODUCTS_DIR; };
		5947443F21F1E8DE00BDE970 /* AppDelegate.swift */ = {isa = PBXFileReference; lastKnownFileType = sourcecode.swift; path = AppDelegate.swift; sourceTree = "<group>"; };
		5947444621F1E8DF00BDE970 /* Assets.xcassets */ = {isa = PBXFileReference; lastKnownFileType = folder.assetcatalog; path = Assets.xcassets; sourceTree = "<group>"; };
		5947444921F1E8DF00BDE970 /* Base */ = {isa = PBXFileReference; lastKnownFileType = file.storyboard; name = Base; path = Base.lproj/LaunchScreen.storyboard; sourceTree = "<group>"; };
		5947444B21F1E8DF00BDE970 /* Info.plist */ = {isa = PBXFileReference; lastKnownFileType = text.plist.xml; path = Info.plist; sourceTree = "<group>"; };
		5947445021F1E8DF00BDE970 /* Babylon iOS Interview DemoTests.xctest */ = {isa = PBXFileReference; explicitFileType = wrapper.cfbundle; includeInIndex = 0; path = "Babylon iOS Interview DemoTests.xctest"; sourceTree = BUILT_PRODUCTS_DIR; };
		5947445421F1E8DF00BDE970 /* Babylon_iOS_Interview_DemoTests.swift */ = {isa = PBXFileReference; lastKnownFileType = sourcecode.swift; path = Babylon_iOS_Interview_DemoTests.swift; sourceTree = "<group>"; };
		5947445621F1E8DF00BDE970 /* Info.plist */ = {isa = PBXFileReference; lastKnownFileType = text.plist.xml; path = Info.plist; sourceTree = "<group>"; };
		5951A96F21FB352C009D0484 /* FeedRenderDelegate.swift */ = {isa = PBXFileReference; lastKnownFileType = sourcecode.swift; path = FeedRenderDelegate.swift; sourceTree = "<group>"; };
		5951A97121FB3537009D0484 /* FeedChildBuilders.swift */ = {isa = PBXFileReference; lastKnownFileType = sourcecode.swift; path = FeedChildBuilders.swift; sourceTree = "<group>"; };
		5951A97F21FB5291009D0484 /* FeedViewModel+Renderer.swift */ = {isa = PBXFileReference; lastKnownFileType = sourcecode.swift; path = "FeedViewModel+Renderer.swift"; sourceTree = "<group>"; };
		5951A98121FB66DA009D0484 /* PlaceholderCell.swift */ = {isa = PBXFileReference; lastKnownFileType = sourcecode.swift; path = PlaceholderCell.swift; sourceTree = "<group>"; };
		5951A98321FB6823009D0484 /* PostCell.swift */ = {isa = PBXFileReference; lastKnownFileType = sourcecode.swift; path = PostCell.swift; sourceTree = "<group>"; };
		5951A98621FB6890009D0484 /* PostComponent.swift */ = {isa = PBXFileReference; lastKnownFileType = sourcecode.swift; path = PostComponent.swift; sourceTree = "<group>"; };
		5951A98821FB696B009D0484 /* PlaceholderComponent.swift */ = {isa = PBXFileReference; lastKnownFileType = sourcecode.swift; path = PlaceholderComponent.swift; sourceTree = "<group>"; };
		5951A98F21FB71CB009D0484 /* ReaderViewController.swift */ = {isa = PBXFileReference; lastKnownFileType = sourcecode.swift; path = ReaderViewController.swift; sourceTree = "<group>"; };
		5951A99221FBD547009D0484 /* Pipe.swift */ = {isa = PBXFileReference; lastKnownFileType = sourcecode.swift; path = Pipe.swift; sourceTree = "<group>"; };
		5951A99421FBD58E009D0484 /* Precedence Groups.swift */ = {isa = PBXFileReference; lastKnownFileType = sourcecode.swift; path = "Precedence Groups.swift"; sourceTree = "<group>"; };
		5951A99621FBD6D9009D0484 /* Diamond.swift */ = {isa = PBXFileReference; lastKnownFileType = sourcecode.swift; path = Diamond.swift; sourceTree = "<group>"; };
		5951A99821FBD717009D0484 /* Right Arrow.swift */ = {isa = PBXFileReference; lastKnownFileType = sourcecode.swift; path = "Right Arrow.swift"; sourceTree = "<group>"; };
		5951A99B21FBE0F1009D0484 /* AttributedStrings.swift */ = {isa = PBXFileReference; lastKnownFileType = sourcecode.swift; path = AttributedStrings.swift; sourceTree = "<group>"; };
		59A5008F21F7762700DF68E6 /* RootBuilder.swift */ = {isa = PBXFileReference; lastKnownFileType = sourcecode.swift; path = RootBuilder.swift; sourceTree = "<group>"; };
		59A5009121F77A7900DF68E6 /* RootViewController.swift */ = {isa = PBXFileReference; lastKnownFileType = sourcecode.swift; path = RootViewController.swift; sourceTree = "<group>"; };
		59A5009321F77A9700DF68E6 /* RootViewModel.swift */ = {isa = PBXFileReference; lastKnownFileType = sourcecode.swift; path = RootViewModel.swift; sourceTree = "<group>"; };
		59A5009621F77EC600DF68E6 /* TabRoute.swift */ = {isa = PBXFileReference; lastKnownFileType = sourcecode.swift; path = TabRoute.swift; sourceTree = "<group>"; };
		59A5009821F7855D00DF68E6 /* FeedViewController.swift */ = {isa = PBXFileReference; lastKnownFileType = sourcecode.swift; path = FeedViewController.swift; sourceTree = "<group>"; };
		59A5009A21F7858900DF68E6 /* AboutMeViewController.swift */ = {isa = PBXFileReference; lastKnownFileType = sourcecode.swift; path = AboutMeViewController.swift; sourceTree = "<group>"; };
		59A500A021F7E9EC00DF68E6 /* Buildable.swift */ = {isa = PBXFileReference; lastKnownFileType = sourcecode.swift; path = Buildable.swift; sourceTree = "<group>"; };
		59ADB35721F9F53500C72527 /* Post.swift */ = {isa = PBXFileReference; lastKnownFileType = sourcecode.swift; path = Post.swift; sourceTree = "<group>"; };
		59ADB35921F9FCFC00C72527 /* Feed.swift */ = {isa = PBXFileReference; lastKnownFileType = sourcecode.swift; path = Feed.swift; sourceTree = "<group>"; };
		59ADB35C21FA239200C72527 /* FeedStore.swift */ = {isa = PBXFileReference; lastKnownFileType = sourcecode.swift; path = FeedStore.swift; sourceTree = "<group>"; };
		59ADB36021FA7C6100C72527 /* FeedViewModel+Reduce.swift */ = {isa = PBXFileReference; lastKnownFileType = sourcecode.swift; path = "FeedViewModel+Reduce.swift"; sourceTree = "<group>"; };
		59DB652921FC86CD001C0379 /* NotificationCenter+closePost.swift */ = {isa = PBXFileReference; lastKnownFileType = sourcecode.swift; path = "NotificationCenter+closePost.swift"; sourceTree = "<group>"; };
		59F1547F21F600860062FD19 /* Flow.swift */ = {isa = PBXFileReference; lastKnownFileType = sourcecode.swift; path = Flow.swift; sourceTree = "<group>"; };
		59F1548221F600D40062FD19 /* UIViewController+Flow.swift */ = {isa = PBXFileReference; lastKnownFileType = sourcecode.swift; path = "UIViewController+Flow.swift"; sourceTree = "<group>"; };
		59F195B921F88080009E744A /* TabItem.swift */ = {isa = PBXFileReference; lastKnownFileType = sourcecode.swift; path = TabItem.swift; sourceTree = "<group>"; };
		59F195BB21F88097009E744A /* Tab.swift */ = {isa = PBXFileReference; lastKnownFileType = sourcecode.swift; path = Tab.swift; sourceTree = "<group>"; };
		59F195BE21F88418009E744A /* RootDelegate.swift */ = {isa = PBXFileReference; lastKnownFileType = sourcecode.swift; path = RootDelegate.swift; sourceTree = "<group>"; };
		59F195C021F88924009E744A /* AboutMeBuilder.swift */ = {isa = PBXFileReference; lastKnownFileType = sourcecode.swift; path = AboutMeBuilder.swift; sourceTree = "<group>"; };
		59F195C821F88B86009E744A /* UITabBarItem+initWithTabItem.swift */ = {isa = PBXFileReference; lastKnownFileType = sourcecode.swift; path = "UITabBarItem+initWithTabItem.swift"; sourceTree = "<group>"; };
		59F195CC21F8C9F7009E744A /* TabPresentable.swift */ = {isa = PBXFileReference; fileEncoding = 4; lastKnownFileType = sourcecode.swift; path = TabPresentable.swift; sourceTree = "<group>"; };
		59F195CE21F8D17F009E744A /* Sequence+keyPathToGetter.swift */ = {isa = PBXFileReference; lastKnownFileType = sourcecode.swift; path = "Sequence+keyPathToGetter.swift"; sourceTree = "<group>"; };
		59F195D221F8E5F1009E744A /* FeedFlowController.swift */ = {isa = PBXFileReference; lastKnownFileType = sourcecode.swift; path = FeedFlowController.swift; sourceTree = "<group>"; };
		59F195D421F8E60A009E744A /* FeedBuilder.swift */ = {isa = PBXFileReference; lastKnownFileType = sourcecode.swift; path = FeedBuilder.swift; sourceTree = "<group>"; };
		59F195D821F8E990009E744A /* FeedViewModel.swift */ = {isa = PBXFileReference; lastKnownFileType = sourcecode.swift; path = FeedViewModel.swift; sourceTree = "<group>"; };
		59F195DA21F92E62009E744A /* NoError.swift */ = {isa = PBXFileReference; lastKnownFileType = sourcecode.swift; path = NoError.swift; sourceTree = "<group>"; };
		59F195DC21F9D7AE009E744A /* FeedViewModel+CoreConcepts.swift */ = {isa = PBXFileReference; lastKnownFileType = sourcecode.swift; path = "FeedViewModel+CoreConcepts.swift"; sourceTree = "<group>"; };
		71E92E3AEE7939847E208AC4 /* Pods-Babylon iOS Interview Demo.release.xcconfig */ = {isa = PBXFileReference; includeInIndex = 1; lastKnownFileType = text.xcconfig; name = "Pods-Babylon iOS Interview Demo.release.xcconfig"; path = "Pods/Target Support Files/Pods-Babylon iOS Interview Demo/Pods-Babylon iOS Interview Demo.release.xcconfig"; sourceTree = "<group>"; };
		9A4D35343194C1EC00D3F773 /* Pods_Babylon_iOS_Interview_Demo.framework */ = {isa = PBXFileReference; explicitFileType = wrapper.framework; includeInIndex = 0; path = Pods_Babylon_iOS_Interview_Demo.framework; sourceTree = BUILT_PRODUCTS_DIR; };
		C5A564F4F78A40634ACFF0E0 /* Pods-Babylon iOS Interview DemoTests.release.xcconfig */ = {isa = PBXFileReference; includeInIndex = 1; lastKnownFileType = text.xcconfig; name = "Pods-Babylon iOS Interview DemoTests.release.xcconfig"; path = "Pods/Target Support Files/Pods-Babylon iOS Interview DemoTests/Pods-Babylon iOS Interview DemoTests.release.xcconfig"; sourceTree = "<group>"; };
		E0F8054CFC487E0D54E3C603 /* Pods-Babylon iOS Interview Demo.debug.xcconfig */ = {isa = PBXFileReference; includeInIndex = 1; lastKnownFileType = text.xcconfig; name = "Pods-Babylon iOS Interview Demo.debug.xcconfig"; path = "Pods/Target Support Files/Pods-Babylon iOS Interview Demo/Pods-Babylon iOS Interview Demo.debug.xcconfig"; sourceTree = "<group>"; };
		F30AB76FDCF1E9D70C4CBEC9 /* Pods-Babylon iOS Interview DemoTests.debug.xcconfig */ = {isa = PBXFileReference; includeInIndex = 1; lastKnownFileType = text.xcconfig; name = "Pods-Babylon iOS Interview DemoTests.debug.xcconfig"; path = "Pods/Target Support Files/Pods-Babylon iOS Interview DemoTests/Pods-Babylon iOS Interview DemoTests.debug.xcconfig"; sourceTree = "<group>"; };
		F9774DBF773EB073B71D8A75 /* Pods_Babylon_iOS_Interview_DemoTests.framework */ = {isa = PBXFileReference; explicitFileType = wrapper.framework; includeInIndex = 0; path = Pods_Babylon_iOS_Interview_DemoTests.framework; sourceTree = BUILT_PRODUCTS_DIR; };
/* End PBXFileReference section */

/* Begin PBXFrameworksBuildPhase section */
		5947443921F1E8DE00BDE970 /* Frameworks */ = {
			isa = PBXFrameworksBuildPhase;
			buildActionMask = 2147483647;
			files = (
				7DA7AC53EBFE1E8DECDBDAC2 /* Pods_Babylon_iOS_Interview_Demo.framework in Frameworks */,
			);
			runOnlyForDeploymentPostprocessing = 0;
		};
		5947444D21F1E8DF00BDE970 /* Frameworks */ = {
			isa = PBXFrameworksBuildPhase;
			buildActionMask = 2147483647;
			files = (
				3D2A470D7824C98973FE4670 /* Pods_Babylon_iOS_Interview_DemoTests.framework in Frameworks */,
			);
			runOnlyForDeploymentPostprocessing = 0;
		};
/* End PBXFrameworksBuildPhase section */

/* Begin PBXGroup section */
		45077F829DF93E1E294F28A3 /* Frameworks */ = {
			isa = PBXGroup;
			children = (
				9A4D35343194C1EC00D3F773 /* Pods_Babylon_iOS_Interview_Demo.framework */,
				F9774DBF773EB073B71D8A75 /* Pods_Babylon_iOS_Interview_DemoTests.framework */,
			);
			name = Frameworks;
			sourceTree = "<group>";
		};
		547242C588B90AC806E608CC /* Pods */ = {
			isa = PBXGroup;
			children = (
				E0F8054CFC487E0D54E3C603 /* Pods-Babylon iOS Interview Demo.debug.xcconfig */,
				71E92E3AEE7939847E208AC4 /* Pods-Babylon iOS Interview Demo.release.xcconfig */,
				F30AB76FDCF1E9D70C4CBEC9 /* Pods-Babylon iOS Interview DemoTests.debug.xcconfig */,
				C5A564F4F78A40634ACFF0E0 /* Pods-Babylon iOS Interview DemoTests.release.xcconfig */,
			);
			name = Pods;
			sourceTree = "<group>";
		};
		591B281621F61B9C00EACE47 /* Supporting Files */ = {
			isa = PBXGroup;
			children = (
				5947444B21F1E8DF00BDE970 /* Info.plist */,
			);
			path = "Supporting Files";
			sourceTree = "<group>";
		};
		5947443321F1E8DE00BDE970 = {
			isa = PBXGroup;
			children = (
				5947443E21F1E8DE00BDE970 /* Babylon iOS Interview Demo */,
				5947445321F1E8DF00BDE970 /* Babylon iOS Interview DemoTests */,
				5947443D21F1E8DE00BDE970 /* Products */,
				547242C588B90AC806E608CC /* Pods */,
				45077F829DF93E1E294F28A3 /* Frameworks */,
			);
			sourceTree = "<group>";
		};
		5947443D21F1E8DE00BDE970 /* Products */ = {
			isa = PBXGroup;
			children = (
				5947443C21F1E8DE00BDE970 /* Babylon iOS Interview Demo.app */,
				5947445021F1E8DF00BDE970 /* Babylon iOS Interview DemoTests.xctest */,
			);
			name = Products;
			sourceTree = "<group>";
		};
		5947443E21F1E8DE00BDE970 /* Babylon iOS Interview Demo */ = {
			isa = PBXGroup;
			children = (
				59F4CDC721F1EF47008EB438 /* App */,
				59F4CDC321F1EEF9008EB438 /* Features */,
				59F1547E21F5FD860062FD19 /* Core */,
				59F4CDC221F1EE53008EB438 /* Resources */,
				591B281621F61B9C00EACE47 /* Supporting Files */,
			);
			path = "Babylon iOS Interview Demo";
			sourceTree = "<group>";
		};
		5947445321F1E8DF00BDE970 /* Babylon iOS Interview DemoTests */ = {
			isa = PBXGroup;
			children = (
				5947445421F1E8DF00BDE970 /* Babylon_iOS_Interview_DemoTests.swift */,
				5947445621F1E8DF00BDE970 /* Info.plist */,
			);
			path = "Babylon iOS Interview DemoTests";
			sourceTree = "<group>";
		};
		5951A96E21FB3520009D0484 /* Protocols */ = {
			isa = PBXGroup;
			children = (
				5951A96F21FB352C009D0484 /* FeedRenderDelegate.swift */,
				5951A97121FB3537009D0484 /* FeedChildBuilders.swift */,
			);
			path = Protocols;
			sourceTree = "<group>";
		};
		5951A97521FB37D0009D0484 /* Feed */ = {
			isa = PBXGroup;
			children = (
				59ADB35621F9F52C00C72527 /* Models */,
				5951A96E21FB3520009D0484 /* Protocols */,
				5951A98A21FB6D0A009D0484 /* UI */,
				59F195D421F8E60A009E744A /* FeedBuilder.swift */,
				59F195D221F8E5F1009E744A /* FeedFlowController.swift */,
				59A5009821F7855D00DF68E6 /* FeedViewController.swift */,
				59F195D821F8E990009E744A /* FeedViewModel.swift */,
				59F195DC21F9D7AE009E744A /* FeedViewModel+CoreConcepts.swift */,
				59ADB36021FA7C6100C72527 /* FeedViewModel+Reduce.swift */,
				5951A97F21FB5291009D0484 /* FeedViewModel+Renderer.swift */,
				59ADB35C21FA239200C72527 /* FeedStore.swift */,
			);
			path = Feed;
			sourceTree = "<group>";
		};
		5951A97621FB3819009D0484 /* Cells */ = {
			isa = PBXGroup;
			children = (
				5951A98121FB66DA009D0484 /* PlaceholderCell.swift */,
				5951A98321FB6823009D0484 /* PostCell.swift */,
			);
			path = Cells;
			sourceTree = "<group>";
		};
		5951A98521FB6879009D0484 /* Components */ = {
			isa = PBXGroup;
			children = (
				5951A98621FB6890009D0484 /* PostComponent.swift */,
				5951A98821FB696B009D0484 /* PlaceholderComponent.swift */,
			);
			path = Components;
			sourceTree = "<group>";
		};
		5951A98A21FB6D0A009D0484 /* UI */ = {
			isa = PBXGroup;
			children = (
				5951A98521FB6879009D0484 /* Components */,
				5951A97621FB3819009D0484 /* Cells */,
			);
			path = UI;
			sourceTree = "<group>";
		};
		5951A98B21FB6EB0009D0484 /* Networking */ = {
			isa = PBXGroup;
			children = (
			);
			path = Networking;
			sourceTree = "<group>";
		};
		5951A99121FBD535009D0484 /* Custom Operators */ = {
			isa = PBXGroup;
			children = (
				5951A99421FBD58E009D0484 /* Precedence Groups.swift */,
				5951A99221FBD547009D0484 /* Pipe.swift */,
				5951A99821FBD717009D0484 /* Right Arrow.swift */,
				5951A99621FBD6D9009D0484 /* Diamond.swift */,
			);
			path = "Custom Operators";
			sourceTree = "<group>";
		};
		5951A99A21FBE0E4009D0484 /* UI */ = {
			isa = PBXGroup;
			children = (
				5951A99B21FBE0F1009D0484 /* AttributedStrings.swift */,
			);
			path = UI;
			sourceTree = "<group>";
		};
		59A5008E21F775DE00DF68E6 /* Root Builder */ = {
			isa = PBXGroup;
			children = (
				59A5009521F77EA600DF68E6 /* Models */,
				59A5008F21F7762700DF68E6 /* RootBuilder.swift */,
				59F195BE21F88418009E744A /* RootDelegate.swift */,
				59A5009321F77A9700DF68E6 /* RootViewModel.swift */,
				59A5009121F77A7900DF68E6 /* RootViewController.swift */,
			);
			path = "Root Builder";
			sourceTree = "<group>";
		};
		59A5009521F77EA600DF68E6 /* Models */ = {
			isa = PBXGroup;
			children = (
				59F195BB21F88097009E744A /* Tab.swift */,
				59A5009621F77EC600DF68E6 /* TabRoute.swift */,
				59F195B921F88080009E744A /* TabItem.swift */,
			);
			path = Models;
			sourceTree = "<group>";
		};
		59A5009F21F7E9DC00DF68E6 /* Protocols */ = {
			isa = PBXGroup;
			children = (
				59F195CC21F8C9F7009E744A /* TabPresentable.swift */,
				59A500A021F7E9EC00DF68E6 /* Buildable.swift */,
			);
			path = Protocols;
			sourceTree = "<group>";
		};
		59ADB35621F9F52C00C72527 /* Models */ = {
			isa = PBXGroup;
			children = (
				59ADB35721F9F53500C72527 /* Post.swift */,
				59ADB35921F9FCFC00C72527 /* Feed.swift */,
			);
			path = Models;
			sourceTree = "<group>";
		};
		59F1547D21F5FD6C0062FD19 /* Navigation */ = {
			isa = PBXGroup;
			children = (
				59F1548121F600C20062FD19 /* Extensions */,
				59F1547F21F600860062FD19 /* Flow.swift */,
			);
			path = Navigation;
			sourceTree = "<group>";
		};
		59F1547E21F5FD860062FD19 /* Core */ = {
			isa = PBXGroup;
			children = (
				5951A99A21FBE0E4009D0484 /* UI */,
				59A5008E21F775DE00DF68E6 /* Root Builder */,
				59F195C221F889DF009E744A /* Models */,
				59F1547D21F5FD6C0062FD19 /* Navigation */,
				59A5009F21F7E9DC00DF68E6 /* Protocols */,
				59F195C721F88B6B009E744A /* Extensions */,
				5951A99121FBD535009D0484 /* Custom Operators */,
				5951A98B21FB6EB0009D0484 /* Networking */,
			);
			path = Core;
			sourceTree = "<group>";
		};
		59F1548121F600C20062FD19 /* Extensions */ = {
			isa = PBXGroup;
			children = (
				59F1548221F600D40062FD19 /* UIViewController+Flow.swift */,
				591B281221F61AC300EACE47 /* UINavigationController+Flow.swift */,
			);
			path = Extensions;
			sourceTree = "<group>";
		};
		59F195C221F889DF009E744A /* Models */ = {
			isa = PBXGroup;
			children = (
				59F195DA21F92E62009E744A /* NoError.swift */,
			);
			path = Models;
			sourceTree = "<group>";
		};
		59F195C721F88B6B009E744A /* Extensions */ = {
			isa = PBXGroup;
			children = (
				59F195C821F88B86009E744A /* UITabBarItem+initWithTabItem.swift */,
				59F195CE21F8D17F009E744A /* Sequence+keyPathToGetter.swift */,
				59DB652921FC86CD001C0379 /* NotificationCenter+closePost.swift */,
			);
			path = Extensions;
			sourceTree = "<group>";
		};
		59F195D121F8E500009E744A /* Specific Post */ = {
			isa = PBXGroup;
			children = (
				5951A98F21FB71CB009D0484 /* ReaderViewController.swift */,
			);
			path = "Specific Post";
			sourceTree = "<group>";
		};
		59F4CDC221F1EE53008EB438 /* Resources */ = {
			isa = PBXGroup;
			children = (
				5947444821F1E8DF00BDE970 /* LaunchScreen.storyboard */,
				5947444621F1E8DF00BDE970 /* Assets.xcassets */,
			);
			path = Resources;
			sourceTree = "<group>";
		};
		59F4CDC321F1EEF9008EB438 /* Features */ = {
			isa = PBXGroup;
			children = (
				59F4CDC621F1EF18008EB438 /* Posts */,
				59F4CDC521F1EF0F008EB438 /* About Me */,
			);
			path = Features;
			sourceTree = "<group>";
		};
		59F4CDC521F1EF0F008EB438 /* About Me */ = {
			isa = PBXGroup;
			children = (
				59A5009A21F7858900DF68E6 /* AboutMeViewController.swift */,
				59F195C021F88924009E744A /* AboutMeBuilder.swift */,
			);
			path = "About Me";
			sourceTree = "<group>";
		};
		59F4CDC621F1EF18008EB438 /* Posts */ = {
			isa = PBXGroup;
			children = (
				5951A97521FB37D0009D0484 /* Feed */,
				59F195D121F8E500009E744A /* Specific Post */,
			);
			path = Posts;
			sourceTree = "<group>";
		};
		59F4CDC721F1EF47008EB438 /* App */ = {
			isa = PBXGroup;
			children = (
				5947443F21F1E8DE00BDE970 /* AppDelegate.swift */,
			);
			path = App;
			sourceTree = "<group>";
		};
/* End PBXGroup section */

/* Begin PBXNativeTarget section */
		5947443B21F1E8DE00BDE970 /* Babylon iOS Interview Demo */ = {
			isa = PBXNativeTarget;
			buildConfigurationList = 5947445921F1E8DF00BDE970 /* Build configuration list for PBXNativeTarget "Babylon iOS Interview Demo" */;
			buildPhases = (
				03F383DDF0B1AF9A6148641D /* [CP] Check Pods Manifest.lock */,
				5947443821F1E8DE00BDE970 /* Sources */,
				5947443921F1E8DE00BDE970 /* Frameworks */,
				5947443A21F1E8DE00BDE970 /* Resources */,
				BFFB884C53C8B2B936C08D61 /* [CP] Embed Pods Frameworks */,
			);
			buildRules = (
			);
			dependencies = (
			);
			name = "Babylon iOS Interview Demo";
			productName = "Babylon iOS Interview Demo";
			productReference = 5947443C21F1E8DE00BDE970 /* Babylon iOS Interview Demo.app */;
			productType = "com.apple.product-type.application";
		};
		5947444F21F1E8DF00BDE970 /* Babylon iOS Interview DemoTests */ = {
			isa = PBXNativeTarget;
			buildConfigurationList = 5947445C21F1E8DF00BDE970 /* Build configuration list for PBXNativeTarget "Babylon iOS Interview DemoTests" */;
			buildPhases = (
				6F60F0600F98EB8FC65E80DF /* [CP] Check Pods Manifest.lock */,
				5947444C21F1E8DF00BDE970 /* Sources */,
				5947444D21F1E8DF00BDE970 /* Frameworks */,
				5947444E21F1E8DF00BDE970 /* Resources */,
			);
			buildRules = (
			);
			dependencies = (
				5947445221F1E8DF00BDE970 /* PBXTargetDependency */,
			);
			name = "Babylon iOS Interview DemoTests";
			productName = "Babylon iOS Interview DemoTests";
			productReference = 5947445021F1E8DF00BDE970 /* Babylon iOS Interview DemoTests.xctest */;
			productType = "com.apple.product-type.bundle.unit-test";
		};
/* End PBXNativeTarget section */

/* Begin PBXProject section */
		5947443421F1E8DE00BDE970 /* Project object */ = {
			isa = PBXProject;
			attributes = {
				LastSwiftUpdateCheck = 1010;
				LastUpgradeCheck = 1010;
				ORGANIZATIONNAME = NSMyself;
				TargetAttributes = {
					5947443B21F1E8DE00BDE970 = {
						CreatedOnToolsVersion = 10.1;
					};
					5947444F21F1E8DF00BDE970 = {
						CreatedOnToolsVersion = 10.1;
						TestTargetID = 5947443B21F1E8DE00BDE970;
					};
				};
			};
			buildConfigurationList = 5947443721F1E8DE00BDE970 /* Build configuration list for PBXProject "Babylon iOS Interview Demo" */;
			compatibilityVersion = "Xcode 9.3";
			developmentRegion = en;
			hasScannedForEncodings = 0;
			knownRegions = (
				en,
				Base,
			);
			mainGroup = 5947443321F1E8DE00BDE970;
			productRefGroup = 5947443D21F1E8DE00BDE970 /* Products */;
			projectDirPath = "";
			projectRoot = "";
			targets = (
				5947443B21F1E8DE00BDE970 /* Babylon iOS Interview Demo */,
				5947444F21F1E8DF00BDE970 /* Babylon iOS Interview DemoTests */,
			);
		};
/* End PBXProject section */

/* Begin PBXResourcesBuildPhase section */
		5947443A21F1E8DE00BDE970 /* Resources */ = {
			isa = PBXResourcesBuildPhase;
			buildActionMask = 2147483647;
			files = (
				5947444A21F1E8DF00BDE970 /* LaunchScreen.storyboard in Resources */,
				5947444721F1E8DF00BDE970 /* Assets.xcassets in Resources */,
			);
			runOnlyForDeploymentPostprocessing = 0;
		};
		5947444E21F1E8DF00BDE970 /* Resources */ = {
			isa = PBXResourcesBuildPhase;
			buildActionMask = 2147483647;
			files = (
			);
			runOnlyForDeploymentPostprocessing = 0;
		};
/* End PBXResourcesBuildPhase section */

/* Begin PBXShellScriptBuildPhase section */
		03F383DDF0B1AF9A6148641D /* [CP] Check Pods Manifest.lock */ = {
			isa = PBXShellScriptBuildPhase;
			buildActionMask = 2147483647;
			files = (
			);
			inputFileListPaths = (
			);
			inputPaths = (
				"${PODS_PODFILE_DIR_PATH}/Podfile.lock",
				"${PODS_ROOT}/Manifest.lock",
			);
			name = "[CP] Check Pods Manifest.lock";
			outputFileListPaths = (
			);
			outputPaths = (
				"$(DERIVED_FILE_DIR)/Pods-Babylon iOS Interview Demo-checkManifestLockResult.txt",
			);
			runOnlyForDeploymentPostprocessing = 0;
			shellPath = /bin/sh;
			shellScript = "diff \"${PODS_PODFILE_DIR_PATH}/Podfile.lock\" \"${PODS_ROOT}/Manifest.lock\" > /dev/null\nif [ $? != 0 ] ; then\n    # print error to STDERR\n    echo \"error: The sandbox is not in sync with the Podfile.lock. Run 'pod install' or update your CocoaPods installation.\" >&2\n    exit 1\nfi\n# This output is used by Xcode 'outputs' to avoid re-running this script phase.\necho \"SUCCESS\" > \"${SCRIPT_OUTPUT_FILE_0}\"\n";
			showEnvVarsInLog = 0;
		};
		6F60F0600F98EB8FC65E80DF /* [CP] Check Pods Manifest.lock */ = {
			isa = PBXShellScriptBuildPhase;
			buildActionMask = 2147483647;
			files = (
			);
			inputFileListPaths = (
			);
			inputPaths = (
				"${PODS_PODFILE_DIR_PATH}/Podfile.lock",
				"${PODS_ROOT}/Manifest.lock",
			);
			name = "[CP] Check Pods Manifest.lock";
			outputFileListPaths = (
			);
			outputPaths = (
				"$(DERIVED_FILE_DIR)/Pods-Babylon iOS Interview DemoTests-checkManifestLockResult.txt",
			);
			runOnlyForDeploymentPostprocessing = 0;
			shellPath = /bin/sh;
			shellScript = "diff \"${PODS_PODFILE_DIR_PATH}/Podfile.lock\" \"${PODS_ROOT}/Manifest.lock\" > /dev/null\nif [ $? != 0 ] ; then\n    # print error to STDERR\n    echo \"error: The sandbox is not in sync with the Podfile.lock. Run 'pod install' or update your CocoaPods installation.\" >&2\n    exit 1\nfi\n# This output is used by Xcode 'outputs' to avoid re-running this script phase.\necho \"SUCCESS\" > \"${SCRIPT_OUTPUT_FILE_0}\"\n";
			showEnvVarsInLog = 0;
		};
		BFFB884C53C8B2B936C08D61 /* [CP] Embed Pods Frameworks */ = {
			isa = PBXShellScriptBuildPhase;
			buildActionMask = 2147483647;
			files = (
			);
			inputFileListPaths = (
			);
			inputPaths = (
				"${SRCROOT}/Pods/Target Support Files/Pods-Babylon iOS Interview Demo/Pods-Babylon iOS Interview Demo-frameworks.sh",
				"${BUILT_PRODUCTS_DIR}/Bento/Bento.framework",
				"${BUILT_PRODUCTS_DIR}/BentoKit/BentoKit.framework",
				"${BUILT_PRODUCTS_DIR}/FlexibleDiff/FlexibleDiff.framework",
				"${BUILT_PRODUCTS_DIR}/ReactiveCocoa/ReactiveCocoa.framework",
				"${BUILT_PRODUCTS_DIR}/ReactiveFeedback/ReactiveFeedback.framework",
				"${BUILT_PRODUCTS_DIR}/ReactiveSwift/ReactiveSwift.framework",
				"${BUILT_PRODUCTS_DIR}/Result/Result.framework",
				"${BUILT_PRODUCTS_DIR}/StyleSheets/StyleSheets.framework",
			);
			name = "[CP] Embed Pods Frameworks";
			outputFileListPaths = (
			);
			outputPaths = (
				"${TARGET_BUILD_DIR}/${FRAMEWORKS_FOLDER_PATH}/Bento.framework",
				"${TARGET_BUILD_DIR}/${FRAMEWORKS_FOLDER_PATH}/BentoKit.framework",
				"${TARGET_BUILD_DIR}/${FRAMEWORKS_FOLDER_PATH}/FlexibleDiff.framework",
				"${TARGET_BUILD_DIR}/${FRAMEWORKS_FOLDER_PATH}/ReactiveCocoa.framework",
				"${TARGET_BUILD_DIR}/${FRAMEWORKS_FOLDER_PATH}/ReactiveFeedback.framework",
				"${TARGET_BUILD_DIR}/${FRAMEWORKS_FOLDER_PATH}/ReactiveSwift.framework",
				"${TARGET_BUILD_DIR}/${FRAMEWORKS_FOLDER_PATH}/Result.framework",
				"${TARGET_BUILD_DIR}/${FRAMEWORKS_FOLDER_PATH}/StyleSheets.framework",
			);
			runOnlyForDeploymentPostprocessing = 0;
			shellPath = /bin/sh;
			shellScript = "\"${SRCROOT}/Pods/Target Support Files/Pods-Babylon iOS Interview Demo/Pods-Babylon iOS Interview Demo-frameworks.sh\"\n";
			showEnvVarsInLog = 0;
		};
/* End PBXShellScriptBuildPhase section */

/* Begin PBXSourcesBuildPhase section */
		5947443821F1E8DE00BDE970 /* Sources */ = {
			isa = PBXSourcesBuildPhase;
			buildActionMask = 2147483647;
			files = (
				5951A98721FB6890009D0484 /* PostComponent.swift in Sources */,
				59F195DD21F9D7AE009E744A /* FeedViewModel+CoreConcepts.swift in Sources */,
				59ADB35A21F9FCFC00C72527 /* Feed.swift in Sources */,
				5951A99921FBD717009D0484 /* Right Arrow.swift in Sources */,
				5951A99C21FBE0F1009D0484 /* AttributedStrings.swift in Sources */,
				5951A99521FBD58E009D0484 /* Precedence Groups.swift in Sources */,
				59F195D521F8E60A009E744A /* FeedBuilder.swift in Sources */,
				59A5009221F77A7900DF68E6 /* RootViewController.swift in Sources */,
				5951A99721FBD6D9009D0484 /* Diamond.swift in Sources */,
				59F1548321F600D40062FD19 /* UIViewController+Flow.swift in Sources */,
				5951A97021FB352C009D0484 /* FeedRenderDelegate.swift in Sources */,
				59A5009021F7762700DF68E6 /* RootBuilder.swift in Sources */,
				59A5009721F77EC600DF68E6 /* TabRoute.swift in Sources */,
				5951A98921FB696B009D0484 /* PlaceholderComponent.swift in Sources */,
				5951A98021FB5291009D0484 /* FeedViewModel+Renderer.swift in Sources */,
				59F195CF21F8D17F009E744A /* Sequence+keyPathToGetter.swift in Sources */,
				59A5009921F7855D00DF68E6 /* FeedViewController.swift in Sources */,
				5951A99021FB71CB009D0484 /* ReaderViewController.swift in Sources */,
				591B281321F61AC300EACE47 /* UINavigationController+Flow.swift in Sources */,
				5951A99321FBD547009D0484 /* Pipe.swift in Sources */,
				59F195CD21F8C9F7009E744A /* TabPresentable.swift in Sources */,
				59ADB36121FA7C6100C72527 /* FeedViewModel+Reduce.swift in Sources */,
				59A500A121F7E9EC00DF68E6 /* Buildable.swift in Sources */,
				59DB652A21FC86CD001C0379 /* NotificationCenter+closePost.swift in Sources */,
				59F1548021F600860062FD19 /* Flow.swift in Sources */,
				5951A98221FB66DA009D0484 /* PlaceholderCell.swift in Sources */,
				59F195D321F8E5F1009E744A /* FeedFlowController.swift in Sources */,
				59F195D921F8E990009E744A /* FeedViewModel.swift in Sources */,
				5951A98421FB6823009D0484 /* PostCell.swift in Sources */,
				59ADB35D21FA239200C72527 /* FeedStore.swift in Sources */,
				59F195BC21F88097009E744A /* Tab.swift in Sources */,
				59ADB35821F9F53500C72527 /* Post.swift in Sources */,
				59F195DB21F92E62009E744A /* NoError.swift in Sources */,
				59F195BF21F88418009E744A /* RootDelegate.swift in Sources */,
				59F195C921F88B86009E744A /* UITabBarItem+initWithTabItem.swift in Sources */,
				59A5009421F77A9700DF68E6 /* RootViewModel.swift in Sources */,
				59F195C121F88924009E744A /* AboutMeBuilder.swift in Sources */,
				5951A97221FB3537009D0484 /* FeedChildBuilders.swift in Sources */,
				59F195BA21F88080009E744A /* TabItem.swift in Sources */,
				5947444021F1E8DE00BDE970 /* AppDelegate.swift in Sources */,
				59A5009B21F7858900DF68E6 /* AboutMeViewController.swift in Sources */,
			);
			runOnlyForDeploymentPostprocessing = 0;
		};
		5947444C21F1E8DF00BDE970 /* Sources */ = {
			isa = PBXSourcesBuildPhase;
			buildActionMask = 2147483647;
			files = (
				5947445521F1E8DF00BDE970 /* Babylon_iOS_Interview_DemoTests.swift in Sources */,
			);
			runOnlyForDeploymentPostprocessing = 0;
		};
/* End PBXSourcesBuildPhase section */

/* Begin PBXTargetDependency section */
		5947445221F1E8DF00BDE970 /* PBXTargetDependency */ = {
			isa = PBXTargetDependency;
			target = 5947443B21F1E8DE00BDE970 /* Babylon iOS Interview Demo */;
			targetProxy = 5947445121F1E8DF00BDE970 /* PBXContainerItemProxy */;
		};
/* End PBXTargetDependency section */

/* Begin PBXVariantGroup section */
		5947444821F1E8DF00BDE970 /* LaunchScreen.storyboard */ = {
			isa = PBXVariantGroup;
			children = (
				5947444921F1E8DF00BDE970 /* Base */,
			);
			name = LaunchScreen.storyboard;
			sourceTree = "<group>";
		};
/* End PBXVariantGroup section */

/* Begin XCBuildConfiguration section */
		5947445721F1E8DF00BDE970 /* Debug */ = {
			isa = XCBuildConfiguration;
			buildSettings = {
				ALWAYS_SEARCH_USER_PATHS = NO;
				CLANG_ANALYZER_NONNULL = YES;
				CLANG_ANALYZER_NUMBER_OBJECT_CONVERSION = YES_AGGRESSIVE;
				CLANG_CXX_LANGUAGE_STANDARD = "gnu++14";
				CLANG_CXX_LIBRARY = "libc++";
				CLANG_ENABLE_MODULES = YES;
				CLANG_ENABLE_OBJC_ARC = YES;
				CLANG_ENABLE_OBJC_WEAK = YES;
				CLANG_WARN_BLOCK_CAPTURE_AUTORELEASING = YES;
				CLANG_WARN_BOOL_CONVERSION = YES;
				CLANG_WARN_COMMA = YES;
				CLANG_WARN_CONSTANT_CONVERSION = YES;
				CLANG_WARN_DEPRECATED_OBJC_IMPLEMENTATIONS = YES;
				CLANG_WARN_DIRECT_OBJC_ISA_USAGE = YES_ERROR;
				CLANG_WARN_DOCUMENTATION_COMMENTS = YES;
				CLANG_WARN_EMPTY_BODY = YES;
				CLANG_WARN_ENUM_CONVERSION = YES;
				CLANG_WARN_INFINITE_RECURSION = YES;
				CLANG_WARN_INT_CONVERSION = YES;
				CLANG_WARN_NON_LITERAL_NULL_CONVERSION = YES;
				CLANG_WARN_OBJC_IMPLICIT_RETAIN_SELF = YES;
				CLANG_WARN_OBJC_LITERAL_CONVERSION = YES;
				CLANG_WARN_OBJC_ROOT_CLASS = YES_ERROR;
				CLANG_WARN_RANGE_LOOP_ANALYSIS = YES;
				CLANG_WARN_STRICT_PROTOTYPES = YES;
				CLANG_WARN_SUSPICIOUS_MOVE = YES;
				CLANG_WARN_UNGUARDED_AVAILABILITY = YES_AGGRESSIVE;
				CLANG_WARN_UNREACHABLE_CODE = YES;
				CLANG_WARN__DUPLICATE_METHOD_MATCH = YES;
				CODE_SIGN_IDENTITY = "iPhone Developer";
				COPY_PHASE_STRIP = NO;
				DEBUG_INFORMATION_FORMAT = dwarf;
				ENABLE_STRICT_OBJC_MSGSEND = YES;
				ENABLE_TESTABILITY = YES;
				GCC_C_LANGUAGE_STANDARD = gnu11;
				GCC_DYNAMIC_NO_PIC = NO;
				GCC_NO_COMMON_BLOCKS = YES;
				GCC_OPTIMIZATION_LEVEL = 0;
				GCC_PREPROCESSOR_DEFINITIONS = (
					"DEBUG=1",
					"$(inherited)",
				);
				GCC_WARN_64_TO_32_BIT_CONVERSION = YES;
				GCC_WARN_ABOUT_RETURN_TYPE = YES_ERROR;
				GCC_WARN_UNDECLARED_SELECTOR = YES;
				GCC_WARN_UNINITIALIZED_AUTOS = YES_AGGRESSIVE;
				GCC_WARN_UNUSED_FUNCTION = YES;
				GCC_WARN_UNUSED_VARIABLE = YES;
				IPHONEOS_DEPLOYMENT_TARGET = 12.1;
				MTL_ENABLE_DEBUG_INFO = INCLUDE_SOURCE;
				MTL_FAST_MATH = YES;
				ONLY_ACTIVE_ARCH = YES;
				SDKROOT = iphoneos;
				SWIFT_ACTIVE_COMPILATION_CONDITIONS = DEBUG;
				SWIFT_OPTIMIZATION_LEVEL = "-Onone";
				SWIFT_VERSION = 4.2;
			};
			name = Debug;
		};
		5947445821F1E8DF00BDE970 /* Release */ = {
			isa = XCBuildConfiguration;
			buildSettings = {
				ALWAYS_SEARCH_USER_PATHS = NO;
				CLANG_ANALYZER_NONNULL = YES;
				CLANG_ANALYZER_NUMBER_OBJECT_CONVERSION = YES_AGGRESSIVE;
				CLANG_CXX_LANGUAGE_STANDARD = "gnu++14";
				CLANG_CXX_LIBRARY = "libc++";
				CLANG_ENABLE_MODULES = YES;
				CLANG_ENABLE_OBJC_ARC = YES;
				CLANG_ENABLE_OBJC_WEAK = YES;
				CLANG_WARN_BLOCK_CAPTURE_AUTORELEASING = YES;
				CLANG_WARN_BOOL_CONVERSION = YES;
				CLANG_WARN_COMMA = YES;
				CLANG_WARN_CONSTANT_CONVERSION = YES;
				CLANG_WARN_DEPRECATED_OBJC_IMPLEMENTATIONS = YES;
				CLANG_WARN_DIRECT_OBJC_ISA_USAGE = YES_ERROR;
				CLANG_WARN_DOCUMENTATION_COMMENTS = YES;
				CLANG_WARN_EMPTY_BODY = YES;
				CLANG_WARN_ENUM_CONVERSION = YES;
				CLANG_WARN_INFINITE_RECURSION = YES;
				CLANG_WARN_INT_CONVERSION = YES;
				CLANG_WARN_NON_LITERAL_NULL_CONVERSION = YES;
				CLANG_WARN_OBJC_IMPLICIT_RETAIN_SELF = YES;
				CLANG_WARN_OBJC_LITERAL_CONVERSION = YES;
				CLANG_WARN_OBJC_ROOT_CLASS = YES_ERROR;
				CLANG_WARN_RANGE_LOOP_ANALYSIS = YES;
				CLANG_WARN_STRICT_PROTOTYPES = YES;
				CLANG_WARN_SUSPICIOUS_MOVE = YES;
				CLANG_WARN_UNGUARDED_AVAILABILITY = YES_AGGRESSIVE;
				CLANG_WARN_UNREACHABLE_CODE = YES;
				CLANG_WARN__DUPLICATE_METHOD_MATCH = YES;
				CODE_SIGN_IDENTITY = "iPhone Developer";
				COPY_PHASE_STRIP = NO;
				DEBUG_INFORMATION_FORMAT = "dwarf-with-dsym";
				ENABLE_NS_ASSERTIONS = NO;
				ENABLE_STRICT_OBJC_MSGSEND = YES;
				GCC_C_LANGUAGE_STANDARD = gnu11;
				GCC_NO_COMMON_BLOCKS = YES;
				GCC_WARN_64_TO_32_BIT_CONVERSION = YES;
				GCC_WARN_ABOUT_RETURN_TYPE = YES_ERROR;
				GCC_WARN_UNDECLARED_SELECTOR = YES;
				GCC_WARN_UNINITIALIZED_AUTOS = YES_AGGRESSIVE;
				GCC_WARN_UNUSED_FUNCTION = YES;
				GCC_WARN_UNUSED_VARIABLE = YES;
				IPHONEOS_DEPLOYMENT_TARGET = 12.1;
				MTL_ENABLE_DEBUG_INFO = NO;
				MTL_FAST_MATH = YES;
				SDKROOT = iphoneos;
				SWIFT_COMPILATION_MODE = wholemodule;
				SWIFT_OPTIMIZATION_LEVEL = "-O";
				SWIFT_VERSION = 4.2;
				VALIDATE_PRODUCT = YES;
			};
			name = Release;
		};
		5947445A21F1E8DF00BDE970 /* Debug */ = {
			isa = XCBuildConfiguration;
			baseConfigurationReference = E0F8054CFC487E0D54E3C603 /* Pods-Babylon iOS Interview Demo.debug.xcconfig */;
			buildSettings = {
				ASSETCATALOG_COMPILER_APPICON_NAME = AppIcon;
				CODE_SIGN_STYLE = Automatic;
				DEVELOPMENT_TEAM = UP6QXSY3FS;
				INFOPLIST_FILE = "Babylon iOS Interview Demo/Supporting Files/Info.plist";
				LD_RUNPATH_SEARCH_PATHS = (
					"$(inherited)",
					"@executable_path/Frameworks",
				);
				PRODUCT_BUNDLE_IDENTIFIER = "com.nsmyself.Babylon-iOS-Interview-Demo";
				PRODUCT_NAME = "$(TARGET_NAME)";
				SWIFT_VERSION = 4.2;
				TARGETED_DEVICE_FAMILY = "1,2";
			};
			name = Debug;
		};
		5947445B21F1E8DF00BDE970 /* Release */ = {
			isa = XCBuildConfiguration;
			baseConfigurationReference = 71E92E3AEE7939847E208AC4 /* Pods-Babylon iOS Interview Demo.release.xcconfig */;
			buildSettings = {
				ASSETCATALOG_COMPILER_APPICON_NAME = AppIcon;
				CODE_SIGN_STYLE = Automatic;
				DEVELOPMENT_TEAM = UP6QXSY3FS;
				INFOPLIST_FILE = "Babylon iOS Interview Demo/Supporting Files/Info.plist";
				LD_RUNPATH_SEARCH_PATHS = (
					"$(inherited)",
					"@executable_path/Frameworks",
				);
				PRODUCT_BUNDLE_IDENTIFIER = "com.nsmyself.Babylon-iOS-Interview-Demo";
				PRODUCT_NAME = "$(TARGET_NAME)";
				SWIFT_VERSION = 4.2;
				TARGETED_DEVICE_FAMILY = "1,2";
			};
			name = Release;
		};
		5947445D21F1E8DF00BDE970 /* Debug */ = {
			isa = XCBuildConfiguration;
			baseConfigurationReference = F30AB76FDCF1E9D70C4CBEC9 /* Pods-Babylon iOS Interview DemoTests.debug.xcconfig */;
			buildSettings = {
				ALWAYS_EMBED_SWIFT_STANDARD_LIBRARIES = YES;
				BUNDLE_LOADER = "$(TEST_HOST)";
				CODE_SIGN_STYLE = Automatic;
				DEVELOPMENT_TEAM = UP6QXSY3FS;
				INFOPLIST_FILE = "Babylon iOS Interview DemoTests/Info.plist";
				LD_RUNPATH_SEARCH_PATHS = (
					"$(inherited)",
					"@executable_path/Frameworks",
					"@loader_path/Frameworks",
				);
				PRODUCT_BUNDLE_IDENTIFIER = "com.nsmyself.Babylon-iOS-Interview-DemoTests";
				PRODUCT_NAME = "$(TARGET_NAME)";
				SWIFT_VERSION = 4.2;
				TARGETED_DEVICE_FAMILY = "1,2";
				TEST_HOST = "$(BUILT_PRODUCTS_DIR)/Babylon iOS Interview Demo.app/Babylon iOS Interview Demo";
			};
			name = Debug;
		};
		5947445E21F1E8DF00BDE970 /* Release */ = {
			isa = XCBuildConfiguration;
			baseConfigurationReference = C5A564F4F78A40634ACFF0E0 /* Pods-Babylon iOS Interview DemoTests.release.xcconfig */;
			buildSettings = {
				ALWAYS_EMBED_SWIFT_STANDARD_LIBRARIES = YES;
				BUNDLE_LOADER = "$(TEST_HOST)";
				CODE_SIGN_STYLE = Automatic;
				DEVELOPMENT_TEAM = UP6QXSY3FS;
				INFOPLIST_FILE = "Babylon iOS Interview DemoTests/Info.plist";
				LD_RUNPATH_SEARCH_PATHS = (
					"$(inherited)",
					"@executable_path/Frameworks",
					"@loader_path/Frameworks",
				);
				PRODUCT_BUNDLE_IDENTIFIER = "com.nsmyself.Babylon-iOS-Interview-DemoTests";
				PRODUCT_NAME = "$(TARGET_NAME)";
				SWIFT_VERSION = 4.2;
				TARGETED_DEVICE_FAMILY = "1,2";
				TEST_HOST = "$(BUILT_PRODUCTS_DIR)/Babylon iOS Interview Demo.app/Babylon iOS Interview Demo";
			};
			name = Release;
		};
/* End XCBuildConfiguration section */

/* Begin XCConfigurationList section */
		5947443721F1E8DE00BDE970 /* Build configuration list for PBXProject "Babylon iOS Interview Demo" */ = {
			isa = XCConfigurationList;
			buildConfigurations = (
				5947445721F1E8DF00BDE970 /* Debug */,
				5947445821F1E8DF00BDE970 /* Release */,
			);
			defaultConfigurationIsVisible = 0;
			defaultConfigurationName = Release;
		};
		5947445921F1E8DF00BDE970 /* Build configuration list for PBXNativeTarget "Babylon iOS Interview Demo" */ = {
			isa = XCConfigurationList;
			buildConfigurations = (
				5947445A21F1E8DF00BDE970 /* Debug */,
				5947445B21F1E8DF00BDE970 /* Release */,
			);
			defaultConfigurationIsVisible = 0;
			defaultConfigurationName = Release;
		};
		5947445C21F1E8DF00BDE970 /* Build configuration list for PBXNativeTarget "Babylon iOS Interview DemoTests" */ = {
			isa = XCConfigurationList;
			buildConfigurations = (
				5947445D21F1E8DF00BDE970 /* Debug */,
				5947445E21F1E8DF00BDE970 /* Release */,
			);
			defaultConfigurationIsVisible = 0;
			defaultConfigurationName = Release;
		};
/* End XCConfigurationList section */
	};
	rootObject = 5947443421F1E8DE00BDE970 /* Project object */;
}
