PODS:
  - Bento (0.3):
    - FlexibleDiff (= 0.0.5)
  - BentoKit (0.3):
    - Bento
    - FlexibleDiff (= 0.0.5)
    - ReactiveCocoa (~> 8.0.2)
    - ReactiveSwift (~> 4.0.0)
    - StyleSheets
  - FlexibleDiff (0.0.5)
  - ReactiveCocoa (8.0.2):
    - ReactiveSwift (~> 4.0)
  - ReactiveSwift (4.0.0):
    - Result (~> 4.0)
  - Result (4.1.0)
  - StyleSheets (0.3)

DEPENDENCIES:
  - "Bento (from `git@github.com:Babylonpartners/Bento.git`, branch `master`)"
  - "BentoKit (from `git@github.com:Babylonpartners/Bento.git`, branch `master`)"
  - "StyleSheets (from `git@github.com:Babylonpartners/Bento.git`, branch `master`)"

SPEC REPOS:
  https://github.com/cocoapods/specs.git:
    - FlexibleDiff
    - ReactiveCocoa
    - ReactiveSwift
    - Result

EXTERNAL SOURCES:
  Bento:
    :branch: master
    :git: "git@github.com:Babylonpartners/Bento.git"
  BentoKit:
    :branch: master
    :git: "git@github.com:Babylonpartners/Bento.git"
  StyleSheets:
    :branch: master
    :git: "git@github.com:Babylonpartners/Bento.git"

CHECKOUT OPTIONS:
  Bento:
    :commit: 52d1ababf9defd7d95a857958276501757883535
    :git: "git@github.com:Babylonpartners/Bento.git"
  BentoKit:
    :commit: 52d1ababf9defd7d95a857958276501757883535
    :git: "git@github.com:Babylonpartners/Bento.git"
  StyleSheets:
    :commit: 52d1ababf9defd7d95a857958276501757883535
    :git: "git@github.com:Babylonpartners/Bento.git"

SPEC CHECKSUMS:
  Bento: fa011501ea462d71a73ffd7873fd37776680013b
  BentoKit: 1353c4e9c3d24d719c9e28de8962fcfcf9f97ba9
  FlexibleDiff: a35df80dbfa406abcab0483c7bc62ebf7e37f2ee
  ReactiveCocoa: fbd26e9ba60e98417ee47433e59465a98ed9da0f
  ReactiveSwift: a2bb9ace428a109e9c0209615645d9d286c8c433
  Result: bd966fac789cc6c1563440b348ab2598cc24d5c7
  StyleSheets: f600049ce8a0d9ed60e1b5886c5c20ef61fd9209

PODFILE CHECKSUM: ca5c16573fc14cb174fc284826f2ee74e163d536

COCOAPODS: 1.5.3
